
Microsoft Visual Studio Solution File, Format Version 12.00
# Visual Studio Version 16
VisualStudioVersion = 16.0.31613.86
MinimumVisualStudioVersion = 10.0.40219.1
Project("{FAE04EC0-301F-11D3-BF4B-00C04F79EFBC}") = "DestructorDemo", "DestructorDemo.csproj", "{597C7E97-F4D8-4A35-B173-9F05BEB7AD22}"
EndProject
Global
	GlobalSection(SolutionConfigurationPlatforms) = preSolution
		Debug|Any CPU = Debug|Any CPU
		Release|Any CPU = Release|Any CPU
	EndGlobalSection
	GlobalSection(ProjectConfigurationPlatforms) = postSolution
		{597C7E97-F4D8-4A35-B173-9F05BEB7AD22}.Debug|Any CPU.ActiveCfg = Debug|Any CPU
		{597C7E97-F4D8-4A35-B173-9F05BEB7AD22}.Debug|Any CPU.Build.0 = Debug|Any CPU
		{597C7E97-F4D8-4A35-B173-9F05BEB7AD22}.Release|Any CPU.ActiveCfg = Release|Any CPU
		{597C7E97-F4D8-4A35-B173-9F05BEB7AD22}.Release|Any CPU.Build.0 = Release|Any CPU
	EndGlobalSection
	GlobalSection(SolutionProperties) = preSolution
		HideSolutionNode = FALSE
	EndGlobalSection
	GlobalSection(ExtensibilityGlobals) = postSolution
		SolutionGuid = {755AF09F-B5A3-4AFB-9176-A39234388A21}
	EndGlobalSection
EndGlobal
